// !$*UTF8*$!
{
	archiveVersion = 1;
	classes = {
	};
	objectVersion = 46;
	objects = {

/* Begin PBXBuildFile section */
		092811AB152DB2DF002240D2 /* calculator.png in Resources */ = {isa = PBXBuildFile; fileRef = 092811A3152DB2DF002240D2 /* calculator.png */; };
		092811AC152DB2DF002240D2 /* calculator@2x.png in Resources */ = {isa = PBXBuildFile; fileRef = 092811A4152DB2DF002240D2 /* calculator@2x.png */; };
		092811AD152DB2DF002240D2 /* calendar.png in Resources */ = {isa = PBXBuildFile; fileRef = 092811A5152DB2DF002240D2 /* calendar.png */; };
		092811AE152DB2DF002240D2 /* calendar@2x.png in Resources */ = {isa = PBXBuildFile; fileRef = 092811A6152DB2DF002240D2 /* calendar@2x.png */; };
		092811AF152DB2DF002240D2 /* contact.png in Resources */ = {isa = PBXBuildFile; fileRef = 092811A7152DB2DF002240D2 /* contact.png */; };
		092811B0152DB2DF002240D2 /* contact@2x.png in Resources */ = {isa = PBXBuildFile; fileRef = 092811A8152DB2DF002240D2 /* contact@2x.png */; };
		092811B1152DB2DF002240D2 /* settings.png in Resources */ = {isa = PBXBuildFile; fileRef = 092811A9152DB2DF002240D2 /* settings.png */; };
		092811B2152DB2DF002240D2 /* settings@2x.png in Resources */ = {isa = PBXBuildFile; fileRef = 092811AA152DB2DF002240D2 /* settings@2x.png */; };
		0976A7CD1524D36E00B0FBD2 /* UIKit.framework in Frameworks */ = {isa = PBXBuildFile; fileRef = 0976A7CC1524D36E00B0FBD2 /* UIKit.framework */; };
		0976A7CF1524D36E00B0FBD2 /* Foundation.framework in Frameworks */ = {isa = PBXBuildFile; fileRef = 0976A7CE1524D36E00B0FBD2 /* Foundation.framework */; };
		0976A7D11524D36E00B0FBD2 /* CoreGraphics.framework in Frameworks */ = {isa = PBXBuildFile; fileRef = 0976A7D01524D36E00B0FBD2 /* CoreGraphics.framework */; };
		0976A7D71524D36E00B0FBD2 /* InfoPlist.strings in Resources */ = {isa = PBXBuildFile; fileRef = 0976A7D51524D36E00B0FBD2 /* InfoPlist.strings */; };
		0976A7D91524D36E00B0FBD2 /* main.m in Sources */ = {isa = PBXBuildFile; fileRef = 0976A7D81524D36E00B0FBD2 /* main.m */; };
		0976A7DD1524D36E00B0FBD2 /* TLTAppDelegate.m in Sources */ = {isa = PBXBuildFile; fileRef = 0976A7DC1524D36E00B0FBD2 /* TLTAppDelegate.m */; };
		0976A7E01524D36E00B0FBD2 /* MainStoryboard_iPhone.storyboard in Resources */ = {isa = PBXBuildFile; fileRef = 0976A7DE1524D36E00B0FBD2 /* MainStoryboard_iPhone.storyboard */; };
		0976A7E61524D36E00B0FBD2 /* CalculatorViewController.m in Sources */ = {isa = PBXBuildFile; fileRef = 0976A7E51524D36E00B0FBD2 /* CalculatorViewController.m */; };
		09A412F3152DB6AD0038CC28 /* ContactNavViewController.m in Sources */ = {isa = PBXBuildFile; fileRef = 09A412F2152DB6AD0038CC28 /* ContactNavViewController.m */; };
		09A412F6152DB7D40038CC28 /* ContactViewController.m in Sources */ = {isa = PBXBuildFile; fileRef = 09A412F5152DB7D40038CC28 /* ContactViewController.m */; };
		09A41304152DE7FD0038CC28 /* icon.png in Resources */ = {isa = PBXBuildFile; fileRef = 09A41302152DE7FD0038CC28 /* icon.png */; };
		09A41305152DE7FD0038CC28 /* icon@2x.png in Resources */ = {isa = PBXBuildFile; fileRef = 09A41303152DE7FD0038CC28 /* icon@2x.png */; };
		09A41308152DE86B0038CC28 /* Contact.m in Sources */ = {isa = PBXBuildFile; fileRef = 09A41307152DE86B0038CC28 /* Contact.m */; };
		09A4130B152DE9750038CC28 /* ContactDetailsViewController.m in Sources */ = {isa = PBXBuildFile; fileRef = 09A4130A152DE9750038CC28 /* ContactDetailsViewController.m */; };
/* End PBXBuildFile section */

/* Begin PBXFileReference section */
		092811A3152DB2DF002240D2 /* calculator.png */ = {isa = PBXFileReference; lastKnownFileType = image.png; name = calculator.png; path = Resources/Images/calculator.png; sourceTree = "<group>"; };
		092811A4152DB2DF002240D2 /* calculator@2x.png */ = {isa = PBXFileReference; lastKnownFileType = image.png; name = "calculator@2x.png"; path = "Resources/Images/calculator@2x.png"; sourceTree = "<group>"; };
		092811A5152DB2DF002240D2 /* calendar.png */ = {isa = PBXFileReference; lastKnownFileType = image.png; name = calendar.png; path = Resources/Images/calendar.png; sourceTree = "<group>"; };
		092811A6152DB2DF002240D2 /* calendar@2x.png */ = {isa = PBXFileReference; lastKnownFileType = image.png; name = "calendar@2x.png"; path = "Resources/Images/calendar@2x.png"; sourceTree = "<group>"; };
		092811A7152DB2DF002240D2 /* contact.png */ = {isa = PBXFileReference; lastKnownFileType = image.png; name = contact.png; path = Resources/Images/contact.png; sourceTree = "<group>"; };
		092811A8152DB2DF002240D2 /* contact@2x.png */ = {isa = PBXFileReference; lastKnownFileType = image.png; name = "contact@2x.png"; path = "Resources/Images/contact@2x.png"; sourceTree = "<group>"; };
		092811A9152DB2DF002240D2 /* settings.png */ = {isa = PBXFileReference; lastKnownFileType = image.png; name = settings.png; path = Resources/Images/settings.png; sourceTree = "<group>"; };
		092811AA152DB2DF002240D2 /* settings@2x.png */ = {isa = PBXFileReference; lastKnownFileType = image.png; name = "settings@2x.png"; path = "Resources/Images/settings@2x.png"; sourceTree = "<group>"; };
		0976A7C81524D36E00B0FBD2 /* tltworkshop.app */ = {isa = PBXFileReference; explicitFileType = wrapper.application; includeInIndex = 0; path = tltworkshop.app; sourceTree = BUILT_PRODUCTS_DIR; };
		0976A7CC1524D36E00B0FBD2 /* UIKit.framework */ = {isa = PBXFileReference; lastKnownFileType = wrapper.framework; name = UIKit.framework; path = System/Library/Frameworks/UIKit.framework; sourceTree = SDKROOT; };
		0976A7CE1524D36E00B0FBD2 /* Foundation.framework */ = {isa = PBXFileReference; lastKnownFileType = wrapper.framework; name = Foundation.framework; path = System/Library/Frameworks/Foundation.framework; sourceTree = SDKROOT; };
		0976A7D01524D36E00B0FBD2 /* CoreGraphics.framework */ = {isa = PBXFileReference; lastKnownFileType = wrapper.framework; name = CoreGraphics.framework; path = System/Library/Frameworks/CoreGraphics.framework; sourceTree = SDKROOT; };
		0976A7D41524D36E00B0FBD2 /* tltworkshop-Info.plist */ = {isa = PBXFileReference; lastKnownFileType = text.plist.xml; path = "tltworkshop-Info.plist"; sourceTree = "<group>"; };
		0976A7D61524D36E00B0FBD2 /* en */ = {isa = PBXFileReference; lastKnownFileType = text.plist.strings; name = en; path = en.lproj/InfoPlist.strings; sourceTree = "<group>"; };
		0976A7D81524D36E00B0FBD2 /* main.m */ = {isa = PBXFileReference; lastKnownFileType = sourcecode.c.objc; path = main.m; sourceTree = "<group>"; };
		0976A7DA1524D36E00B0FBD2 /* tltworkshop-Prefix.pch */ = {isa = PBXFileReference; lastKnownFileType = sourcecode.c.h; path = "tltworkshop-Prefix.pch"; sourceTree = "<group>"; };
		0976A7DB1524D36E00B0FBD2 /* TLTAppDelegate.h */ = {isa = PBXFileReference; lastKnownFileType = sourcecode.c.h; path = TLTAppDelegate.h; sourceTree = "<group>"; };
		0976A7DC1524D36E00B0FBD2 /* TLTAppDelegate.m */ = {isa = PBXFileReference; lastKnownFileType = sourcecode.c.objc; path = TLTAppDelegate.m; sourceTree = "<group>"; };
		0976A7DF1524D36E00B0FBD2 /* en */ = {isa = PBXFileReference; lastKnownFileType = file.storyboard; name = en; path = en.lproj/MainStoryboard_iPhone.storyboard; sourceTree = "<group>"; };
		0976A7E41524D36E00B0FBD2 /* CalculatorViewController.h */ = {isa = PBXFileReference; lastKnownFileType = sourcecode.c.h; path = CalculatorViewController.h; sourceTree = "<group>"; };
		0976A7E51524D36E00B0FBD2 /* CalculatorViewController.m */ = {isa = PBXFileReference; lastKnownFileType = sourcecode.c.objc; path = CalculatorViewController.m; sourceTree = "<group>"; };
		09A412F1152DB6AD0038CC28 /* ContactNavViewController.h */ = {isa = PBXFileReference; fileEncoding = 4; lastKnownFileType = sourcecode.c.h; path = ContactNavViewController.h; sourceTree = "<group>"; };
		09A412F2152DB6AD0038CC28 /* ContactNavViewController.m */ = {isa = PBXFileReference; fileEncoding = 4; lastKnownFileType = sourcecode.c.objc; path = ContactNavViewController.m; sourceTree = "<group>"; };
		09A412F4152DB7D40038CC28 /* ContactViewController.h */ = {isa = PBXFileReference; fileEncoding = 4; lastKnownFileType = sourcecode.c.h; path = ContactViewController.h; sourceTree = "<group>"; };
		09A412F5152DB7D40038CC28 /* ContactViewController.m */ = {isa = PBXFileReference; fileEncoding = 4; lastKnownFileType = sourcecode.c.objc; path = ContactViewController.m; sourceTree = "<group>"; };
		09A41302152DE7FD0038CC28 /* icon.png */ = {isa = PBXFileReference; lastKnownFileType = image.png; name = icon.png; path = Resources/Images/icon.png; sourceTree = "<group>"; };
		09A41303152DE7FD0038CC28 /* icon@2x.png */ = {isa = PBXFileReference; lastKnownFileType = image.png; name = "icon@2x.png"; path = "Resources/Images/icon@2x.png"; sourceTree = "<group>"; };
		09A41306152DE86B0038CC28 /* Contact.h */ = {isa = PBXFileReference; fileEncoding = 4; lastKnownFileType = sourcecode.c.h; path = Contact.h; sourceTree = "<group>"; };
		09A41307152DE86B0038CC28 /* Contact.m */ = {isa = PBXFileReference; fileEncoding = 4; lastKnownFileType = sourcecode.c.objc; path = Contact.m; sourceTree = "<group>"; };
		09A41309152DE9750038CC28 /* ContactDetailsViewController.h */ = {isa = PBXFileReference; fileEncoding = 4; lastKnownFileType = sourcecode.c.h; path = ContactDetailsViewController.h; sourceTree = "<group>"; };
		09A4130A152DE9750038CC28 /* ContactDetailsViewController.m */ = {isa = PBXFileReference; fileEncoding = 4; lastKnownFileType = sourcecode.c.objc; path = ContactDetailsViewController.m; sourceTree = "<group>"; };
/* End PBXFileReference section */

/* Begin PBXFrameworksBuildPhase section */
		0976A7C51524D36E00B0FBD2 /* Frameworks */ = {
			isa = PBXFrameworksBuildPhase;
			buildActionMask = 2147483647;
			files = (
				0976A7CD1524D36E00B0FBD2 /* UIKit.framework in Frameworks */,
				0976A7CF1524D36E00B0FBD2 /* Foundation.framework in Frameworks */,
				0976A7D11524D36E00B0FBD2 /* CoreGraphics.framework in Frameworks */,
			);
			runOnlyForDeploymentPostprocessing = 0;
		};
/* End PBXFrameworksBuildPhase section */

/* Begin PBXGroup section */
		092811A2152DB2BB002240D2 /* Resources */ = {
			isa = PBXGroup;
			children = (
				09A412FD152DDB920038CC28 /* Data */,
				092811B3152DB2E9002240D2 /* Images */,
				09AA4D97152E0D82005A609A /* UI */,
			);
			name = Resources;
			sourceTree = "<group>";
		};
		092811B3152DB2E9002240D2 /* Images */ = {
			isa = PBXGroup;
			children = (
				092811A3152DB2DF002240D2 /* calculator.png */,
				092811A4152DB2DF002240D2 /* calculator@2x.png */,
				092811A5152DB2DF002240D2 /* calendar.png */,
				092811A6152DB2DF002240D2 /* calendar@2x.png */,
				092811A7152DB2DF002240D2 /* contact.png */,
				092811A8152DB2DF002240D2 /* contact@2x.png */,
				09A41302152DE7FD0038CC28 /* icon.png */,
				09A41303152DE7FD0038CC28 /* icon@2x.png */,
				092811A9152DB2DF002240D2 /* settings.png */,
				092811AA152DB2DF002240D2 /* settings@2x.png */,
			);
			name = Images;
			sourceTree = "<group>";
		};
		0976A7BD1524D36D00B0FBD2 = {
			isa = PBXGroup;
			children = (
				0976A7D21524D36E00B0FBD2 /* tltworkshop */,
				0976A7CB1524D36E00B0FBD2 /* Frameworks */,
				0976A7C91524D36E00B0FBD2 /* Products */,
			);
			sourceTree = "<group>";
		};
		0976A7C91524D36E00B0FBD2 /* Products */ = {
			isa = PBXGroup;
			children = (
				0976A7C81524D36E00B0FBD2 /* tltworkshop.app */,
			);
			name = Products;
			sourceTree = "<group>";
		};
		0976A7CB1524D36E00B0FBD2 /* Frameworks */ = {
			isa = PBXGroup;
			children = (
				0976A7CC1524D36E00B0FBD2 /* UIKit.framework */,
				0976A7CE1524D36E00B0FBD2 /* Foundation.framework */,
				0976A7D01524D36E00B0FBD2 /* CoreGraphics.framework */,
			);
			name = Frameworks;
			sourceTree = "<group>";
		};
		0976A7D21524D36E00B0FBD2 /* tltworkshop */ = {
			isa = PBXGroup;
			children = (
				0976A7DB1524D36E00B0FBD2 /* TLTAppDelegate.h */,
				0976A7DC1524D36E00B0FBD2 /* TLTAppDelegate.m */,
				0976A7E41524D36E00B0FBD2 /* CalculatorViewController.h */,
				0976A7E51524D36E00B0FBD2 /* CalculatorViewController.m */,
				09A41306152DE86B0038CC28 /* Contact.h */,
				09A41307152DE86B0038CC28 /* Contact.m */,
				09A41309152DE9750038CC28 /* ContactDetailsViewController.h */,
				09A4130A152DE9750038CC28 /* ContactDetailsViewController.m */,
				09A412F1152DB6AD0038CC28 /* ContactNavViewController.h */,
				09A412F2152DB6AD0038CC28 /* ContactNavViewController.m */,
				09A412F4152DB7D40038CC28 /* ContactViewController.h */,
				09A412F5152DB7D40038CC28 /* ContactViewController.m */,
				0976A7D31524D36E00B0FBD2 /* Supporting Files */,
				092811A2152DB2BB002240D2 /* Resources */,
			);
			path = tltworkshop;
			sourceTree = "<group>";
		};
		0976A7D31524D36E00B0FBD2 /* Supporting Files */ = {
			isa = PBXGroup;
			children = (
				0976A7D41524D36E00B0FBD2 /* tltworkshop-Info.plist */,
				0976A7D51524D36E00B0FBD2 /* InfoPlist.strings */,
				0976A7D81524D36E00B0FBD2 /* main.m */,
				0976A7DA1524D36E00B0FBD2 /* tltworkshop-Prefix.pch */,
			);
			name = "Supporting Files";
			sourceTree = "<group>";
		};
		09A412FD152DDB920038CC28 /* Data */ = {
			isa = PBXGroup;
			children = (
			);
			name = Data;
			sourceTree = "<group>";
		};
		09AA4D97152E0D82005A609A /* UI */ = {
			isa = PBXGroup;
			children = (
				0976A7DE1524D36E00B0FBD2 /* MainStoryboard_iPhone.storyboard */,
			);
			name = UI;
			sourceTree = "<group>";
		};
/* End PBXGroup section */

/* Begin PBXNativeTarget section */
		0976A7C71524D36E00B0FBD2 /* tltworkshop */ = {
			isa = PBXNativeTarget;
			buildConfigurationList = 0976A7F41524D36E00B0FBD2 /* Build configuration list for PBXNativeTarget "tltworkshop" */;
			buildPhases = (
				0976A7C41524D36E00B0FBD2 /* Sources */,
				0976A7C51524D36E00B0FBD2 /* Frameworks */,
				0976A7C61524D36E00B0FBD2 /* Resources */,
			);
			buildRules = (
			);
			dependencies = (
			);
			name = tltworkshop;
			productName = tltworkshop;
			productReference = 0976A7C81524D36E00B0FBD2 /* tltworkshop.app */;
			productType = "com.apple.product-type.application";
		};
/* End PBXNativeTarget section */

/* Begin PBXProject section */
		0976A7BF1524D36D00B0FBD2 /* Project object */ = {
			isa = PBXProject;
			attributes = {
				LastUpgradeCheck = 0420;
			};
			buildConfigurationList = 0976A7C21524D36E00B0FBD2 /* Build configuration list for PBXProject "TLTWorkshop" */;
			compatibilityVersion = "Xcode 3.2";
			developmentRegion = English;
			hasScannedForEncodings = 0;
			knownRegions = (
				en,
			);
			mainGroup = 0976A7BD1524D36D00B0FBD2;
			productRefGroup = 0976A7C91524D36E00B0FBD2 /* Products */;
			projectDirPath = "";
			projectRoot = "";
			targets = (
				0976A7C71524D36E00B0FBD2 /* tltworkshop */,
			);
		};
/* End PBXProject section */

/* Begin PBXResourcesBuildPhase section */
		0976A7C61524D36E00B0FBD2 /* Resources */ = {
			isa = PBXResourcesBuildPhase;
			buildActionMask = 2147483647;
			files = (
				0976A7D71524D36E00B0FBD2 /* InfoPlist.strings in Resources */,
				0976A7E01524D36E00B0FBD2 /* MainStoryboard_iPhone.storyboard in Resources */,
				092811AB152DB2DF002240D2 /* calculator.png in Resources */,
				092811AC152DB2DF002240D2 /* calculator@2x.png in Resources */,
				092811AD152DB2DF002240D2 /* calendar.png in Resources */,
				092811AE152DB2DF002240D2 /* calendar@2x.png in Resources */,
				092811AF152DB2DF002240D2 /* contact.png in Resources */,
				092811B0152DB2DF002240D2 /* contact@2x.png in Resources */,
				092811B1152DB2DF002240D2 /* settings.png in Resources */,
				092811B2152DB2DF002240D2 /* settings@2x.png in Resources */,
				09A41304152DE7FD0038CC28 /* icon.png in Resources */,
				09A41305152DE7FD0038CC28 /* icon@2x.png in Resources */,
			);
			runOnlyForDeploymentPostprocessing = 0;
		};
/* End PBXResourcesBuildPhase section */

/* Begin PBXSourcesBuildPhase section */
		0976A7C41524D36E00B0FBD2 /* Sources */ = {
			isa = PBXSourcesBuildPhase;
			buildActionMask = 2147483647;
			files = (
				0976A7D91524D36E00B0FBD2 /* main.m in Sources */,
				0976A7DD1524D36E00B0FBD2 /* TLTAppDelegate.m in Sources */,
				0976A7E61524D36E00B0FBD2 /* CalculatorViewController.m in Sources */,
				09A412F3152DB6AD0038CC28 /* ContactNavViewController.m in Sources */,
				09A412F6152DB7D40038CC28 /* ContactViewController.m in Sources */,
				09A41308152DE86B0038CC28 /* Contact.m in Sources */,
				09A4130B152DE9750038CC28 /* ContactDetailsViewController.m in Sources */,
			);
			runOnlyForDeploymentPostprocessing = 0;
		};
/* End PBXSourcesBuildPhase section */

/* Begin PBXVariantGroup section */
		0976A7D51524D36E00B0FBD2 /* InfoPlist.strings */ = {
			isa = PBXVariantGroup;
			children = (
				0976A7D61524D36E00B0FBD2 /* en */,
			);
			name = InfoPlist.strings;
			sourceTree = "<group>";
		};
		0976A7DE1524D36E00B0FBD2 /* MainStoryboard_iPhone.storyboard */ = {
			isa = PBXVariantGroup;
			children = (
				0976A7DF1524D36E00B0FBD2 /* en */,
			);
			name = MainStoryboard_iPhone.storyboard;
			sourceTree = "<group>";
		};
/* End PBXVariantGroup section */

/* Begin XCBuildConfiguration section */
		0976A7F21524D36E00B0FBD2 /* Debug */ = {
			isa = XCBuildConfiguration;
			buildSettings = {
				ALWAYS_SEARCH_USER_PATHS = NO;
				ARCHS = "$(ARCHS_STANDARD_32_BIT)";
				CLANG_ENABLE_OBJC_ARC = YES;
				"CODE_SIGN_IDENTITY[sdk=iphoneos*]" = "iPhone Developer";
				COPY_PHASE_STRIP = NO;
				GCC_C_LANGUAGE_STANDARD = gnu99;
				GCC_DYNAMIC_NO_PIC = NO;
				GCC_OPTIMIZATION_LEVEL = 0;
				GCC_PREPROCESSOR_DEFINITIONS = (
					"DEBUG=1",
					"$(inherited)",
				);
				GCC_SYMBOLS_PRIVATE_EXTERN = NO;
				GCC_VERSION = com.apple.compilers.llvm.clang.1_0;
				GCC_WARN_ABOUT_MISSING_PROTOTYPES = YES;
				GCC_WARN_ABOUT_RETURN_TYPE = YES;
				GCC_WARN_UNUSED_VARIABLE = YES;
				IPHONEOS_DEPLOYMENT_TARGET = 5.0;
				SDKROOT = iphoneos;
				TARGETED_DEVICE_FAMILY = "1,2";
			};
			name = Debug;
		};
		0976A7F31524D36E00B0FBD2 /* Release */ = {
			isa = XCBuildConfiguration;
			buildSettings = {
				ALWAYS_SEARCH_USER_PATHS = NO;
				ARCHS = "$(ARCHS_STANDARD_32_BIT)";
				CLANG_ENABLE_OBJC_ARC = YES;
				"CODE_SIGN_IDENTITY[sdk=iphoneos*]" = "iPhone Developer";
				COPY_PHASE_STRIP = YES;
				GCC_C_LANGUAGE_STANDARD = gnu99;
				GCC_VERSION = com.apple.compilers.llvm.clang.1_0;
				GCC_WARN_ABOUT_MISSING_PROTOTYPES = YES;
				GCC_WARN_ABOUT_RETURN_TYPE = YES;
				GCC_WARN_UNUSED_VARIABLE = YES;
				IPHONEOS_DEPLOYMENT_TARGET = 5.0;
				OTHER_CFLAGS = "-DNS_BLOCK_ASSERTIONS=1";
				SDKROOT = iphoneos;
				TARGETED_DEVICE_FAMILY = "1,2";
				VALIDATE_PRODUCT = YES;
			};
			name = Release;
		};
		0976A7F51524D36E00B0FBD2 /* Debug */ = {
			isa = XCBuildConfiguration;
			buildSettings = {
				GCC_PRECOMPILE_PREFIX_HEADER = YES;
				GCC_PREFIX_HEADER = "tltworkshop/tltworkshop-Prefix.pch";
				INFOPLIST_FILE = "tltworkshop/tltworkshop-Info.plist";
				PRODUCT_NAME = "$(TARGET_NAME)";
				TARGETED_DEVICE_FAMILY = 1;
				WRAPPER_EXTENSION = app;
			};
			name = Debug;
		};
		0976A7F61524D36E00B0FBD2 /* Release */ = {
			isa = XCBuildConfiguration;
			buildSettings = {
				GCC_PRECOMPILE_PREFIX_HEADER = YES;
				GCC_PREFIX_HEADER = "tltworkshop/tltworkshop-Prefix.pch";
				INFOPLIST_FILE = "tltworkshop/tltworkshop-Info.plist";
				PRODUCT_NAME = "$(TARGET_NAME)";
				TARGETED_DEVICE_FAMILY = 1;
				WRAPPER_EXTENSION = app;
			};
			name = Release;
		};
/* End XCBuildConfiguration section */

/* Begin XCConfigurationList section */
		0976A7C21524D36E00B0FBD2 /* Build configuration list for PBXProject "TLTWorkshop" */ = {
			isa = XCConfigurationList;
			buildConfigurations = (
				0976A7F21524D36E00B0FBD2 /* Debug */,
				0976A7F31524D36E00B0FBD2 /* Release */,
			);
			defaultConfigurationIsVisible = 0;
			defaultConfigurationName = Release;
		};
		0976A7F41524D36E00B0FBD2 /* Build configuration list for PBXNativeTarget "tltworkshop" */ = {
			isa = XCConfigurationList;
			buildConfigurations = (
				0976A7F51524D36E00B0FBD2 /* Debug */,
				0976A7F61524D36E00B0FBD2 /* Release */,
			);
			defaultConfigurationIsVisible = 0;
			defaultConfigurationName = Release;
		};
/* End XCConfigurationList section */
	};
	rootObject = 0976A7BF1524D36D00B0FBD2 /* Project object */;
}
